
Microsoft Visual Studio Solution File, Format Version 12.00
# Visual Studio Version 16
VisualStudioVersion = 16.0.31911.196
MinimumVisualStudioVersion = 10.0.40219.1
Project("{9A19103F-16F7-4668-BE54-9A1E7A4F7556}") = "BookStore", "BookStore\BookStore.csproj", "{E78624B2-601C-4B06-8949-7CDAA97ADA82}"
EndProject
Project("{2150E333-8FDC-42A3-9474-1A3956D46DE8}") = "Tests", "Tests", "{99807388-59F2-4D01-B39B-D482C86C763C}"
EndProject
Project("{FAE04EC0-301F-11D3-BF4B-00C04F79EFBC}") = "BookStore.UnitTests", "BookStore.UnitTests\BookStore.UnitTests.csproj", "{4AA512B4-0D27-49E9-A027-136ACDE64F5D}"
EndProject
Global
	GlobalSection(SolutionConfigurationPlatforms) = preSolution
		Debug|Any CPU = Debug|Any CPU
		Release|Any CPU = Release|Any CPU
	EndGlobalSection
	GlobalSection(ProjectConfigurationPlatforms) = postSolution
		{E78624B2-601C-4B06-8949-7CDAA97ADA82}.Debug|Any CPU.ActiveCfg = Debug|Any CPU
		{E78624B2-601C-4B06-8949-7CDAA97ADA82}.Debug|Any CPU.Build.0 = Debug|Any CPU
		{E78624B2-601C-4B06-8949-7CDAA97ADA82}.Release|Any CPU.ActiveCfg = Release|Any CPU
		{E78624B2-601C-4B06-8949-7CDAA97ADA82}.Release|Any CPU.Build.0 = Release|Any CPU
		{4AA512B4-0D27-49E9-A027-136ACDE64F5D}.Debug|Any CPU.ActiveCfg = Debug|Any CPU
		{4AA512B4-0D27-49E9-A027-136ACDE64F5D}.Debug|Any CPU.Build.0 = Debug|Any CPU
		{4AA512B4-0D27-49E9-A027-136ACDE64F5D}.Release|Any CPU.ActiveCfg = Release|Any CPU
		{4AA512B4-0D27-49E9-A027-136ACDE64F5D}.Release|Any CPU.Build.0 = Release|Any CPU
	EndGlobalSection
	GlobalSection(SolutionProperties) = preSolution
		HideSolutionNode = FALSE
	EndGlobalSection
	GlobalSection(NestedProjects) = preSolution
		{4AA512B4-0D27-49E9-A027-136ACDE64F5D} = {99807388-59F2-4D01-B39B-D482C86C763C}
	EndGlobalSection
	GlobalSection(ExtensibilityGlobals) = postSolution
		SolutionGuid = {1D86392F-9792-4D73-B0DA-9C8493FCFB77}
	EndGlobalSection
EndGlobal
